
Microsoft Visual Studio Solution File, Format Version 12.00
# Visual Studio 2012
Project("{8BC9CEB8-8B4A-11D0-8D11-00A0C91BC942}") = "Treap(Zhou)", "Treap(Zhou).vcxproj", "{3C79A12C-7DF8-4C6E-B050-B25EC3CF70DB}"
EndProject
Global
	GlobalSection(SolutionConfigurationPlatforms) = preSolution
		Debug|Win32 = Debug|Win32
		Release|Win32 = Release|Win32
	EndGlobalSection
	GlobalSection(ProjectConfigurationPlatforms) = postSolution
		{3C79A12C-7DF8-4C6E-B050-B25EC3CF70DB}.Debug|Win32.ActiveCfg = Debug|Win32
		{3C79A12C-7DF8-4C6E-B050-B25EC3CF70DB}.Debug|Win32.Build.0 = Debug|Win32
		{3C79A12C-7DF8-4C6E-B050-B25EC3CF70DB}.Release|Win32.ActiveCfg = Release|Win32
		{3C79A12C-7DF8-4C6E-B050-B25EC3CF70DB}.Release|Win32.Build.0 = Release|Win32
	EndGlobalSection
	GlobalSection(SolutionProperties) = preSolution
		HideSolutionNode = FALSE
	EndGlobalSection
EndGlobal
